Microsoft Visual Studio Solution File, Format Version 12.00
# Visual Studio 2012
Project("{FAE04EC0-301F-11D3-BF4B-00C04F79EFBC}") = "Shino's Range", "Shino's Range.csproj", "{DFBA20FF-9AE2-468B-A26A-D1662D998AFF}"
EndProject
Global
	GlobalSection(SolutionConfigurationPlatforms) = preSolution
	Debug|Any CPU = Debug|Any CPU
	ExportDebug|Any CPU = ExportDebug|Any CPU
	ExportRelease|Any CPU = ExportRelease|Any CPU
	EndGlobalSection
	GlobalSection(ProjectConfigurationPlatforms) = postSolution
		{DFBA20FF-9AE2-468B-A26A-D1662D998AFF}.Debug|Any CPU.ActiveCfg = Debug|Any CPU
		{DFBA20FF-9AE2-468B-A26A-D1662D998AFF}.Debug|Any CPU.Build.0 = Debug|Any CPU
		{DFBA20FF-9AE2-468B-A26A-D1662D998AFF}.ExportDebug|Any CPU.ActiveCfg = ExportDebug|Any CPU
		{DFBA20FF-9AE2-468B-A26A-D1662D998AFF}.ExportDebug|Any CPU.Build.0 = ExportDebug|Any CPU
		{DFBA20FF-9AE2-468B-A26A-D1662D998AFF}.ExportRelease|Any CPU.ActiveCfg = ExportRelease|Any CPU
		{DFBA20FF-9AE2-468B-A26A-D1662D998AFF}.ExportRelease|Any CPU.Build.0 = ExportRelease|Any CPU
	EndGlobalSection
EndGlobal
